// !$*UTF8*$!
{
	archiveVersion = 1;
	classes = {
	};
	objectVersion = 60;
	objects = {

/* Begin PBXBuildFile section */
		2A1BD8742C4E5CF0005A055B /* Gemini_APIApp.swift in Sources */ = {isa = PBXBuildFile; fileRef = 2A1BD8732C4E5CF0005A055B /* Gemini_APIApp.swift */; };
		2A1BD8762C4E5CF0005A055B /* ContentView.swift in Sources */ = {isa = PBXBuildFile; fileRef = 2A1BD8752C4E5CF0005A055B /* ContentView.swift */; };
		2A1BD8782C4E5CF2005A055B /* Assets.xcassets in Resources */ = {isa = PBXBuildFile; fileRef = 2A1BD8772C4E5CF2005A055B /* Assets.xcassets */; };
		2A1BD87B2C4E5CF2005A055B /* Preview Assets.xcassets in Resources */ = {isa = PBXBuildFile; fileRef = 2A1BD87A2C4E5CF2005A055B /* Preview Assets.xcassets */; };
		2A1BD8832C4E6102005A055B /* GoogleGenerativeAI in Frameworks */ = {isa = PBXBuildFile; productRef = 2A1BD8822C4E6102005A055B /* GoogleGenerativeAI */; };
		2A1BD8862C4E6205005A055B /* MarkdownUI in Frameworks */ = {isa = PBXBuildFile; productRef = 2A1BD8852C4E6205005A055B /* MarkdownUI */; };
		2A1BD8882C4E633E005A055B /* SummarizeViewModel.swift in Sources */ = {isa = PBXBuildFile; fileRef = 2A1BD8872C4E6338005A055B /* SummarizeViewModel.swift */; };
		2A1BD88A2C4E6363005A055B /* GenerativeAI-Info.plist in Resources */ = {isa = PBXBuildFile; fileRef = 2A1BD8892C4E635C005A055B /* GenerativeAI-Info.plist */; };
/* End PBXBuildFile section */

/* Begin PBXFileReference section */
		2A1BD8702C4E5CF0005A055B /* Gemini API.app */ = {isa = PBXFileReference; explicitFileType = wrapper.application; includeInIndex = 0; path = "Gemini API.app"; sourceTree = BUILT_PRODUCTS_DIR; };
		2A1BD8732C4E5CF0005A055B /* Gemini_APIApp.swift */ = {isa = PBXFileReference; lastKnownFileType = sourcecode.swift; path = Gemini_APIApp.swift; sourceTree = "<group>"; };
		2A1BD8752C4E5CF0005A055B /* ContentView.swift */ = {isa = PBXFileReference; lastKnownFileType = sourcecode.swift; path = ContentView.swift; sourceTree = "<group>"; };
		2A1BD8772C4E5CF2005A055B /* Assets.xcassets */ = {isa = PBXFileReference; lastKnownFileType = folder.assetcatalog; path = Assets.xcassets; sourceTree = "<group>"; };
		2A1BD87A2C4E5CF2005A055B /* Preview Assets.xcassets */ = {isa = PBXFileReference; lastKnownFileType = folder.assetcatalog; path = "Preview Assets.xcassets"; sourceTree = "<group>"; };
		2A1BD8872C4E6338005A055B /* SummarizeViewModel.swift */ = {isa = PBXFileReference; lastKnownFileType = sourcecode.swift; path = SummarizeViewModel.swift; sourceTree = "<group>"; };
		2A1BD8892C4E635C005A055B /* GenerativeAI-Info.plist */ = {isa = PBXFileReference; lastKnownFileType = text.plist.xml; path = "GenerativeAI-Info.plist"; sourceTree = "<group>"; };
/* End PBXFileReference section */

/* Begin PBXFrameworksBuildPhase section */
		2A1BD86D2C4E5CF0005A055B /* Frameworks */ = {
			isa = PBXFrameworksBuildPhase;
			buildActionMask = 2147483647;
			files = (
				2A1BD8832C4E6102005A055B /* GoogleGenerativeAI in Frameworks */,
				2A1BD8862C4E6205005A055B /* MarkdownUI in Frameworks */,
			);
			runOnlyForDeploymentPostprocessing = 0;
		};
/* End PBXFrameworksBuildPhase section */

/* Begin PBXGroup section */
		2A1BD8672C4E5CF0005A055B = {
			isa = PBXGroup;
			children = (
				2A1BD8722C4E5CF0005A055B /* Gemini API */,
				2A1BD8712C4E5CF0005A055B /* Products */,
			);
			sourceTree = "<group>";
		};
		2A1BD8712C4E5CF0005A055B /* Products */ = {
			isa = PBXGroup;
			children = (
				2A1BD8702C4E5CF0005A055B /* Gemini API.app */,
			);
			name = Products;
			sourceTree = "<group>";
		};
		2A1BD8722C4E5CF0005A055B /* Gemini API */ = {
			isa = PBXGroup;
			children = (
				2A1BD8892C4E635C005A055B /* GenerativeAI-Info.plist */,
				2A1BD8872C4E6338005A055B /* SummarizeViewModel.swift */,
				2A1BD8732C4E5CF0005A055B /* Gemini_APIApp.swift */,
				2A1BD8752C4E5CF0005A055B /* ContentView.swift */,
				2A1BD8772C4E5CF2005A055B /* Assets.xcassets */,
				2A1BD8792C4E5CF2005A055B /* Preview Content */,
			);
			path = "Gemini API";
			sourceTree = "<group>";
		};
		2A1BD8792C4E5CF2005A055B /* Preview Content */ = {
			isa = PBXGroup;
			children = (
				2A1BD87A2C4E5CF2005A055B /* Preview Assets.xcassets */,
			);
			path = "Preview Content";
			sourceTree = "<group>";
		};
/* End PBXGroup section */

/* Begin PBXNativeTarget section */
		2A1BD86F2C4E5CF0005A055B /* Gemini API */ = {
			isa = PBXNativeTarget;
			buildConfigurationList = 2A1BD87E2C4E5CF2005A055B /* Build configuration list for PBXNativeTarget "Gemini API" */;
			buildPhases = (
				2A1BD86C2C4E5CF0005A055B /* Sources */,
				2A1BD86D2C4E5CF0005A055B /* Frameworks */,
				2A1BD86E2C4E5CF0005A055B /* Resources */,
			);
			buildRules = (
			);
			dependencies = (
			);
			name = "Gemini API";
			packageProductDependencies = (
				2A1BD8822C4E6102005A055B /* GoogleGenerativeAI */,
				2A1BD8852C4E6205005A055B /* MarkdownUI */,
			);
			productName = "Gemini API";
			productReference = 2A1BD8702C4E5CF0005A055B /* Gemini API.app */;
			productType = "com.apple.product-type.application";
		};
/* End PBXNativeTarget section */

/* Begin PBXProject section */
		2A1BD8682C4E5CF0005A055B /* Project object */ = {
			isa = PBXProject;
			attributes = {
				BuildIndependentTargetsInParallel = 1;
				LastSwiftUpdateCheck = 1600;
				LastUpgradeCheck = 1600;
				TargetAttributes = {
					2A1BD86F2C4E5CF0005A055B = {
						CreatedOnToolsVersion = 16.0;
					};
				};
			};
			buildConfigurationList = 2A1BD86B2C4E5CF0005A055B /* Build configuration list for PBXProject "Gemini API" */;
			compatibilityVersion = "Xcode 15.0";
			developmentRegion = en;
			hasScannedForEncodings = 0;
			knownRegions = (
				en,
				Base,
			);
			mainGroup = 2A1BD8672C4E5CF0005A055B;
			packageReferences = (
				2A1BD8812C4E6102005A055B /* XCRemoteSwiftPackageReference "generative-ai-swift" */,
				2A1BD8842C4E6205005A055B /* XCRemoteSwiftPackageReference "swift-markdown-ui" */,
			);
			productRefGroup = 2A1BD8712C4E5CF0005A055B /* Products */;
			projectDirPath = "";
			projectRoot = "";
			targets = (
				2A1BD86F2C4E5CF0005A055B /* Gemini API */,
			);
		};
/* End PBXProject section */

/* Begin PBXResourcesBuildPhase section */
		2A1BD86E2C4E5CF0005A055B /* Resources */ = {
			isa = PBXResourcesBuildPhase;
			buildActionMask = 2147483647;
			files = (
				2A1BD87B2C4E5CF2005A055B /* Preview Assets.xcassets in Resources */,
				2A1BD8782C4E5CF2005A055B /* Assets.xcassets in Resources */,
				2A1BD88A2C4E6363005A055B /* GenerativeAI-Info.plist in Resources */,
			);
			runOnlyForDeploymentPostprocessing = 0;
		};
/* End PBXResourcesBuildPhase section */

/* Begin PBXSourcesBuildPhase section */
		2A1BD86C2C4E5CF0005A055B /* Sources */ = {
			isa = PBXSourcesBuildPhase;
			buildActionMask = 2147483647;
			files = (
				2A1BD8762C4E5CF0005A055B /* ContentView.swift in Sources */,
				2A1BD8742C4E5CF0005A055B /* Gemini_APIApp.swift in Sources */,
				2A1BD8882C4E633E005A055B /* SummarizeViewModel.swift in Sources */,
			);
			runOnlyForDeploymentPostprocessing = 0;
		};
/* End PBXSourcesBuildPhase section */

/* Begin XCBuildConfiguration section */
		2A1BD87C2C4E5CF2005A055B /* Debug */ = {
			isa = XCBuildConfiguration;
			buildSettings = {
				ALWAYS_SEARCH_USER_PATHS = NO;
				ASSETCATALOG_COMPILER_GENERATE_SWIFT_ASSET_SYMBOL_EXTENSIONS = YES;
				CLANG_ANALYZER_NONNULL = YES;
				CLANG_ANALYZER_NUMBER_OBJECT_CONVERSION = YES_AGGRESSIVE;
				CLANG_CXX_LANGUAGE_STANDARD = "gnu++20";
				CLANG_ENABLE_MODULES = YES;
				CLANG_ENABLE_OBJC_ARC = YES;
				CLANG_ENABLE_OBJC_WEAK = YES;
				CLANG_WARN_BLOCK_CAPTURE_AUTORELEASING = YES;
				CLANG_WARN_BOOL_CONVERSION = YES;
				CLANG_WARN_COMMA = YES;
				CLANG_WARN_CONSTANT_CONVERSION = YES;
				CLANG_WARN_DEPRECATED_OBJC_IMPLEMENTATIONS = YES;
				CLANG_WARN_DIRECT_OBJC_ISA_USAGE = YES_ERROR;
				CLANG_WARN_DOCUMENTATION_COMMENTS = YES;
				CLANG_WARN_EMPTY_BODY = YES;
				CLANG_WARN_ENUM_CONVERSION = YES;
				CLANG_WARN_INFINITE_RECURSION = YES;
				CLANG_WARN_INT_CONVERSION = YES;
				CLANG_WARN_NON_LITERAL_NULL_CONVERSION = YES;
				CLANG_WARN_OBJC_IMPLICIT_RETAIN_SELF = YES;
				CLANG_WARN_OBJC_LITERAL_CONVERSION = YES;
				CLANG_WARN_OBJC_ROOT_CLASS = YES_ERROR;
				CLANG_WARN_QUOTED_INCLUDE_IN_FRAMEWORK_HEADER = YES;
				CLANG_WARN_RANGE_LOOP_ANALYSIS = YES;
				CLANG_WARN_STRICT_PROTOTYPES = YES;
				CLANG_WARN_SUSPICIOUS_MOVE = YES;
				CLANG_WARN_UNGUARDED_AVAILABILITY = YES_AGGRESSIVE;
				CLANG_WARN_UNREACHABLE_CODE = YES;
				CLANG_WARN__DUPLICATE_METHOD_MATCH = YES;
				COPY_PHASE_STRIP = NO;
				DEBUG_INFORMATION_FORMAT = dwarf;
				ENABLE_STRICT_OBJC_MSGSEND = YES;
				ENABLE_TESTABILITY = YES;
				ENABLE_USER_SCRIPT_SANDBOXING = YES;
				GCC_C_LANGUAGE_STANDARD = gnu17;
				GCC_DYNAMIC_NO_PIC = NO;
				GCC_NO_COMMON_BLOCKS = YES;
				GCC_OPTIMIZATION_LEVEL = 0;
				GCC_PREPROCESSOR_DEFINITIONS = (
					"DEBUG=1",
					"$(inherited)",
				);
				GCC_WARN_64_TO_32_BIT_CONVERSION = YES;
				GCC_WARN_ABOUT_RETURN_TYPE = YES_ERROR;
				GCC_WARN_UNDECLARED_SELECTOR = YES;
				GCC_WARN_UNINITIALIZED_AUTOS = YES_AGGRESSIVE;
				GCC_WARN_UNUSED_FUNCTION = YES;
				GCC_WARN_UNUSED_VARIABLE = YES;
				IPHONEOS_DEPLOYMENT_TARGET = 18.0;
				LOCALIZATION_PREFERS_STRING_CATALOGS = YES;
				MTL_ENABLE_DEBUG_INFO = INCLUDE_SOURCE;
				MTL_FAST_MATH = YES;
				ONLY_ACTIVE_ARCH = YES;
				SDKROOT = iphoneos;
				SWIFT_ACTIVE_COMPILATION_CONDITIONS = "DEBUG $(inherited)";
				SWIFT_OPTIMIZATION_LEVEL = "-Onone";
			};
			name = Debug;
		};
		2A1BD87D2C4E5CF2005A055B /* Release */ = {
			isa = XCBuildConfiguration;
			buildSettings = {
				ALWAYS_SEARCH_USER_PATHS = NO;
				ASSETCATALOG_COMPILER_GENERATE_SWIFT_ASSET_SYMBOL_EXTENSIONS = YES;
				CLANG_ANALYZER_NONNULL = YES;
				CLANG_ANALYZER_NUMBER_OBJECT_CONVERSION = YES_AGGRESSIVE;
				CLANG_CXX_LANGUAGE_STANDARD = "gnu++20";
				CLANG_ENABLE_MODULES = YES;
				CLANG_ENABLE_OBJC_ARC = YES;
				CLANG_ENABLE_OBJC_WEAK = YES;
				CLANG_WARN_BLOCK_CAPTURE_AUTORELEASING = YES;
				CLANG_WARN_BOOL_CONVERSION = YES;
				CLANG_WARN_COMMA = YES;
				CLANG_WARN_CONSTANT_CONVERSION = YES;
				CLANG_WARN_DEPRECATED_OBJC_IMPLEMENTATIONS = YES;
				CLANG_WARN_DIRECT_OBJC_ISA_USAGE = YES_ERROR;
				CLANG_WARN_DOCUMENTATION_COMMENTS = YES;
				CLANG_WARN_EMPTY_BODY = YES;
				CLANG_WARN_ENUM_CONVERSION = YES;
				CLANG_WARN_INFINITE_RECURSION = YES;
				CLANG_WARN_INT_CONVERSION = YES;
				CLANG_WARN_NON_LITERAL_NULL_CONVERSION = YES;
				CLANG_WARN_OBJC_IMPLICIT_RETAIN_SELF = YES;
				CLANG_WARN_OBJC_LITERAL_CONVERSION = YES;
				CLANG_WARN_OBJC_ROOT_CLASS = YES_ERROR;
				CLANG_WARN_QUOTED_INCLUDE_IN_FRAMEWORK_HEADER = YES;
				CLANG_WARN_RANGE_LOOP_ANALYSIS = YES;
				CLANG_WARN_STRICT_PROTOTYPES = YES;
				CLANG_WARN_SUSPICIOUS_MOVE = YES;
				CLANG_WARN_UNGUARDED_AVAILABILITY = YES_AGGRESSIVE;
				CLANG_WARN_UNREACHABLE_CODE = YES;
				CLANG_WARN__DUPLICATE_METHOD_MATCH = YES;
				COPY_PHASE_STRIP = NO;
				DEBUG_INFORMATION_FORMAT = "dwarf-with-dsym";
				ENABLE_NS_ASSERTIONS = NO;
				ENABLE_STRICT_OBJC_MSGSEND = YES;
				ENABLE_USER_SCRIPT_SANDBOXING = YES;
				GCC_C_LANGUAGE_STANDARD = gnu17;
				GCC_NO_COMMON_BLOCKS = YES;
				GCC_WARN_64_TO_32_BIT_CONVERSION = YES;
				GCC_WARN_ABOUT_RETURN_TYPE = YES_ERROR;
				GCC_WARN_UNDECLARED_SELECTOR = YES;
				GCC_WARN_UNINITIALIZED_AUTOS = YES_AGGRESSIVE;
				GCC_WARN_UNUSED_FUNCTION = YES;
				GCC_WARN_UNUSED_VARIABLE = YES;
				IPHONEOS_DEPLOYMENT_TARGET = 18.0;
				LOCALIZATION_PREFERS_STRING_CATALOGS = YES;
				MTL_ENABLE_DEBUG_INFO = NO;
				MTL_FAST_MATH = YES;
				SDKROOT = iphoneos;
				SWIFT_COMPILATION_MODE = wholemodule;
				VALIDATE_PRODUCT = YES;
			};
			name = Release;
		};
		2A1BD87F2C4E5CF2005A055B /* Debug */ = {
			isa = XCBuildConfiguration;
			buildSettings = {
				ASSETCATALOG_COMPILER_APPICON_NAME = AppIcon;
				ASSETCATALOG_COMPILER_GLOBAL_ACCENT_COLOR_NAME = AccentColor;
				CODE_SIGN_STYLE = Automatic;
				CURRENT_PROJECT_VERSION = 1;
				DEVELOPMENT_ASSET_PATHS = "\"Gemini API/Preview Content\"";
				DEVELOPMENT_TEAM = 3KJD3K6NRB;
				ENABLE_PREVIEWS = YES;
				GENERATE_INFOPLIST_FILE = YES;
				INFOPLIST_KEY_UIApplicationSceneManifest_Generation = YES;
				INFOPLIST_KEY_UIApplicationSupportsIndirectInputEvents = YES;
				INFOPLIST_KEY_UILaunchScreen_Generation = YES;
				INFOPLIST_KEY_UISupportedInterfaceOrientations_iPad = "UIInterfaceOrientationPortrait UIInterfaceOrientationPortraitUpsideDown UIInterfaceOrientationLandscapeLeft UIInterfaceOrientationLandscapeRight";
				INFOPLIST_KEY_UISupportedInterfaceOrientations_iPhone = "UIInterfaceOrientationPortrait UIInterfaceOrientationLandscapeLeft UIInterfaceOrientationLandscapeRight";
				LD_RUNPATH_SEARCH_PATHS = (
					"$(inherited)",
					"@executable_path/Frameworks",
				);
				MARKETING_VERSION = 1.0;
				PRODUCT_BUNDLE_IDENTIFIER = "com.dicoding.academy.Gemini-API";
				PRODUCT_NAME = "$(TARGET_NAME)";
				SWIFT_EMIT_LOC_STRINGS = YES;
				SWIFT_VERSION = 5.0;
				TARGETED_DEVICE_FAMILY = "1,2";
			};
			name = Debug;
		};
		2A1BD8802C4E5CF2005A055B /* Release */ = {
			isa = XCBuildConfiguration;
			buildSettings = {
				ASSETCATALOG_COMPILER_APPICON_NAME = AppIcon;
				ASSETCATALOG_COMPILER_GLOBAL_ACCENT_COLOR_NAME = AccentColor;
				CODE_SIGN_STYLE = Automatic;
				CURRENT_PROJECT_VERSION = 1;
				DEVELOPMENT_ASSET_PATHS = "\"Gemini API/Preview Content\"";
				DEVELOPMENT_TEAM = 3KJD3K6NRB;
				ENABLE_PREVIEWS = YES;
				GENERATE_INFOPLIST_FILE = YES;
				INFOPLIST_KEY_UIApplicationSceneManifest_Generation = YES;
				INFOPLIST_KEY_UIApplicationSupportsIndirectInputEvents = YES;
				INFOPLIST_KEY_UILaunchScreen_Generation = YES;
				INFOPLIST_KEY_UISupportedInterfaceOrientations_iPad = "UIInterfaceOrientationPortrait UIInterfaceOrientationPortraitUpsideDown UIInterfaceOrientationLandscapeLeft UIInterfaceOrientationLandscapeRight";
				INFOPLIST_KEY_UISupportedInterfaceOrientations_iPhone = "UIInterfaceOrientationPortrait UIInterfaceOrientationLandscapeLeft UIInterfaceOrientationLandscapeRight";
				LD_RUNPATH_SEARCH_PATHS = (
					"$(inherited)",
					"@executable_path/Frameworks",
				);
				MARKETING_VERSION = 1.0;
				PRODUCT_BUNDLE_IDENTIFIER = "com.dicoding.academy.Gemini-API";
				PRODUCT_NAME = "$(TARGET_NAME)";
				SWIFT_EMIT_LOC_STRINGS = YES;
				SWIFT_VERSION = 5.0;
				TARGETED_DEVICE_FAMILY = "1,2";
			};
			name = Release;
		};
/* End XCBuildConfiguration section */

/* Begin XCConfigurationList section */
		2A1BD86B2C4E5CF0005A055B /* Build configuration list for PBXProject "Gemini API" */ = {
			isa = XCConfigurationList;
			buildConfigurations = (
				2A1BD87C2C4E5CF2005A055B /* Debug */,
				2A1BD87D2C4E5CF2005A055B /* Release */,
			);
			defaultConfigurationIsVisible = 0;
			defaultConfigurationName = Release;
		};
		2A1BD87E2C4E5CF2005A055B /* Build configuration list for PBXNativeTarget "Gemini API" */ = {
			isa = XCConfigurationList;
			buildConfigurations = (
				2A1BD87F2C4E5CF2005A055B /* Debug */,
				2A1BD8802C4E5CF2005A055B /* Release */,
			);
			defaultConfigurationIsVisible = 0;
			defaultConfigurationName = Release;
		};
/* End XCConfigurationList section */

/* Begin XCRemoteSwiftPackageReference section */
		2A1BD8812C4E6102005A055B /* XCRemoteSwiftPackageReference "generative-ai-swift" */ = {
			isa = XCRemoteSwiftPackageReference;
			repositoryURL = "https://github.com/google-gemini/generative-ai-swift";
			requirement = {
				kind = upToNextMajorVersion;
				minimumVersion = 0.5.4;
			};
		};
		2A1BD8842C4E6205005A055B /* XCRemoteSwiftPackageReference "swift-markdown-ui" */ = {
			isa = XCRemoteSwiftPackageReference;
			repositoryURL = "https://github.com/gonzalezreal/swift-markdown-ui";
			requirement = {
				kind = upToNextMajorVersion;
				minimumVersion = 2.3.1;
			};
		};
/* End XCRemoteSwiftPackageReference section */

/* Begin XCSwiftPackageProductDependency section */
		2A1BD8822C4E6102005A055B /* GoogleGenerativeAI */ = {
			isa = XCSwiftPackageProductDependency;
			package = 2A1BD8812C4E6102005A055B /* XCRemoteSwiftPackageReference "generative-ai-swift" */;
			productName = GoogleGenerativeAI;
		};
		2A1BD8852C4E6205005A055B /* MarkdownUI */ = {
			isa = XCSwiftPackageProductDependency;
			package = 2A1BD8842C4E6205005A055B /* XCRemoteSwiftPackageReference "swift-markdown-ui" */;
			productName = MarkdownUI;
		};
/* End XCSwiftPackageProductDependency section */
	};
	rootObject = 2A1BD8682C4E5CF0005A055B /* Project object */;
}
